
Microsoft Visual Studio Solution File, Format Version 12.00
# Visual Studio Version 16
VisualStudioVersion = 16.0.30011.22
MinimumVisualStudioVersion = 10.0.40219.1
Project("{FAE04EC0-301F-11D3-BF4B-00C04F79EFBC}") = "algo-problems-solutions", "algo-problems-solutions\algo-problems-solutions.csproj", "{FD453DF9-84BF-47D5-B342-07A8E02918D8}"
EndProject
Global
	GlobalSection(SolutionConfigurationPlatforms) = preSolution
		Debug|Any CPU = Debug|Any CPU
		Release|Any CPU = Release|Any CPU
	EndGlobalSection
	GlobalSection(ProjectConfigurationPlatforms) = postSolution
		{FD453DF9-84BF-47D5-B342-07A8E02918D8}.Debug|Any CPU.ActiveCfg = Debug|Any CPU
		{FD453DF9-84BF-47D5-B342-07A8E02918D8}.Debug|Any CPU.Build.0 = Debug|Any CPU
		{FD453DF9-84BF-47D5-B342-07A8E02918D8}.Release|Any CPU.ActiveCfg = Release|Any CPU
		{FD453DF9-84BF-47D5-B342-07A8E02918D8}.Release|Any CPU.Build.0 = Release|Any CPU
	EndGlobalSection
	GlobalSection(SolutionProperties) = preSolution
		HideSolutionNode = FALSE
	EndGlobalSection
	GlobalSection(ExtensibilityGlobals) = postSolution
		SolutionGuid = {B10EE9D7-8C87-45E2-861D-056A1293878A}
	EndGlobalSection
EndGlobal
